{
    "name": "FoodTruckAPI",
    "version": "1.0.0",
    "lockfileVersion": 1,
    "requires": true,
    "dependencies": {
        "ansi-regex": {
            "version": "2.1.1",
            "resolved": "https://registry.npmjs.org/ansi-regex/-/ansi-regex-2.1.1.tgz",
            "integrity": "sha1-w7M6te42DYbg5ijwRorn7yfWVN8="
        },
        "axios": {
            "version": "0.21.0",
            "resolved": "https://registry.npmjs.org/axios/-/axios-0.21.0.tgz",
            "integrity": "sha512-fmkJBknJKoZwem3/IKSSLpkdNXZeBu5Q7GA/aRsr2btgrptmSCxi2oFjZHqGdK9DoTil9PIHlPIZw2EcRJXRvw==",
            "requires": {
                "follow-redirects": "^1.10.0"
            }
        },
        "axios-retry": {
            "version": "3.1.9",
            "resolved": "https://registry.npmjs.org/axios-retry/-/axios-retry-3.1.9.tgz",
            "integrity": "sha512-NFCoNIHq8lYkJa6ku4m+V1837TP6lCa7n79Iuf8/AqATAHYB0ISaAS1eyIenDOfHOLtym34W65Sjke2xjg2fsA==",
            "requires": {
                "is-retry-allowed": "^1.1.0"
            }
        },
        "clone": {
            "version": "1.0.4",
            "resolved": "https://registry.npmjs.org/clone/-/clone-1.0.4.tgz",
            "integrity": "sha1-2jCcwmPfFZlMaIypAheco8fNfH4="
        },
        "columnify": {
            "version": "1.5.4",
            "resolved": "https://registry.npmjs.org/columnify/-/columnify-1.5.4.tgz",
            "integrity": "sha1-Rzfd8ce2mop8NAVweC6UfuyOeLs=",
            "requires": {
                "strip-ansi": "^3.0.0",
                "wcwidth": "^1.0.0"
            }
        },
        "defaults": {
            "version": "1.0.3",
            "resolved": "https://registry.npmjs.org/defaults/-/defaults-1.0.3.tgz",
            "integrity": "sha1-xlYFHpgX2f8I7YgUd/P+QBnz730=",
            "requires": {
                "clone": "^1.0.2"
            }
        },
        "follow-redirects": {
            "version": "1.13.0",
            "resolved": "https://registry.npmjs.org/follow-redirects/-/follow-redirects-1.13.0.tgz",
            "integrity": "sha512-aq6gF1BEKje4a9i9+5jimNFIpq4Q1WiwBToeRK5NvZBd/TRsmW8BsJfOEGkr76TbOyPVD3OVDN910EcUNtRYEA=="
        },
        "is-retry-allowed": {
            "version": "1.2.0",
            "resolved": "https://registry.npmjs.org/is-retry-allowed/-/is-retry-allowed-1.2.0.tgz",
            "integrity": "sha512-RUbUeKwvm3XG2VYamhJL1xFktgjvPzL0Hq8C+6yrWIswDy3BIXGqCxhxkc30N9jqK311gVU137K8Ei55/zVJRg=="
        },
        "kleur": {
            "version": "3.0.3",
            "resolved": "https://registry.npmjs.org/kleur/-/kleur-3.0.3.tgz",
            "integrity": "sha512-eTIzlVOSUR+JxdDFepEYcBMtZ9Qqdef+rnzWdRZuMbOywu5tO2w2N7rqjoANZ5k9vywhL6Br1VRjUIgTQx4E8w=="
        },
        "moment": {
            "version": "2.29.1",
            "resolved": "https://registry.npmjs.org/moment/-/moment-2.29.1.tgz",
            "integrity": "sha512-kHmoybcPV8Sqy59DwNDY3Jefr64lK/by/da0ViFcuA4DH0vQg5Q6Ze5VimxkfQNSC+Mls/Kx53s7TjP1RhFEDQ=="
        },
        "prompt-sync": {
            "version": "4.2.0",
            "resolved": "https://registry.npmjs.org/prompt-sync/-/prompt-sync-4.2.0.tgz",
            "integrity": "sha512-BuEzzc5zptP5LsgV5MZETjDaKSWfchl5U9Luiu8SKp7iZWD5tZalOxvNcZRwv+d2phNFr8xlbxmFNcRKfJOzJw==",
            "requires": {
                "strip-ansi": "^5.0.0"
            },
            "dependencies": {
                "ansi-regex": {
                    "version": "4.1.0",
                    "resolved": "https://registry.npmjs.org/ansi-regex/-/ansi-regex-4.1.0.tgz",
                    "integrity": "sha512-1apePfXM1UOSqw0o9IiFAovVz9M5S1Dg+4TrDwfMewQ6p/rmMueb7tWZjQ1rx4Loy1ArBggoqGpfqqdI4rondg=="
                },
                "strip-ansi": {
                    "version": "5.2.0",
                    "resolved": "https://registry.npmjs.org/strip-ansi/-/strip-ansi-5.2.0.tgz",
                    "integrity": "sha512-DuRs1gKbBqsMKIZlrffwlug8MHkcnpjs5VPmL1PAh+mA30U0DTotfDZ0d2UUsXpPmPmMMJ6W773MaA3J+lbiWA==",
                    "requires": {
                        "ansi-regex": "^4.1.0"
                    }
                }
            }
        },
        "prompts": {
            "version": "2.4.0",
            "resolved": "https://registry.npmjs.org/prompts/-/prompts-2.4.0.tgz",
            "integrity": "sha512-awZAKrk3vN6CroQukBL+R9051a4R3zCZBlJm/HBfrSZ8iTpYix3VX1vU4mveiLpiwmOJT4wokTF9m6HUk4KqWQ==",
            "requires": {
                "kleur": "^3.0.3",
                "sisteransi": "^1.0.5"
            }
        },
        "sisteransi": {
            "version": "1.0.5",
            "resolved": "https://registry.npmjs.org/sisteransi/-/sisteransi-1.0.5.tgz",
            "integrity": "sha512-bLGGlR1QxBcynn2d5YmDX4MGjlZvy2MRBDRNHLJ8VI6l6+9FUiyTFNJ0IveOSP0bcXgVDPRcfGqA0pjaqUpfVg=="
        },
        "strip-ansi": {
            "version": "3.0.1",
            "resolved": "https://registry.npmjs.org/strip-ansi/-/strip-ansi-3.0.1.tgz",
            "integrity": "sha1-ajhfuIU9lS1f8F0Oiq+UJ43GPc8=",
            "requires": {
                "ansi-regex": "^2.0.0"
            }
        },
        "wcwidth": {
            "version": "1.0.1",
            "resolved": "https://registry.npmjs.org/wcwidth/-/wcwidth-1.0.1.tgz",
            "integrity": "sha1-8LDc+RW8X/FSivrbLA4XtTLaL+g=",
            "requires": {
                "defaults": "^1.0.3"
            }
        }
    }
}
